
Microsoft Visual Studio Solution File, Format Version 12.00
# Visual Studio Version 16
VisualStudioVersion = 16.0.29001.49
MinimumVisualStudioVersion = 10.0.40219.1
Project("{FAE04EC0-301F-11D3-BF4B-00C04F79EFBC}") = "Eportfolio", "Eportfolio\Eportfolio.csproj", "{05E1E291-1A27-4527-B5F3-74AF451A25A7}"
EndProject
Global
	GlobalSection(SolutionConfigurationPlatforms) = preSolution
		Debug|Any CPU = Debug|Any CPU
		Release|Any CPU = Release|Any CPU
	EndGlobalSection
	GlobalSection(ProjectConfigurationPlatforms) = postSolution
		{05E1E291-1A27-4527-B5F3-74AF451A25A7}.Debug|Any CPU.ActiveCfg = Debug|Any CPU
		{05E1E291-1A27-4527-B5F3-74AF451A25A7}.Debug|Any CPU.Build.0 = Debug|Any CPU
		{05E1E291-1A27-4527-B5F3-74AF451A25A7}.Release|Any CPU.ActiveCfg = Release|Any CPU
		{05E1E291-1A27-4527-B5F3-74AF451A25A7}.Release|Any CPU.Build.0 = Release|Any CPU
	EndGlobalSection
	GlobalSection(SolutionProperties) = preSolution
		HideSolutionNode = FALSE
	EndGlobalSection
	GlobalSection(ExtensibilityGlobals) = postSolution
		SolutionGuid = {5FAB36D6-449D-43AE-A4AF-6E8C66A98EC3}
	EndGlobalSection
EndGlobal
